# This file was autogenerated by Stack.
# You should not edit this file by hand.
# For more information, please see the documentation at:
#   https://docs.haskellstack.org/en/stable/lock_files

packages:
- completed:
    hackage: accelerate-1.2.0.1@sha256:bb1928efe602545df4043692916ed427c959110cbd678d03c3f9c3be25d1ae88,20112
    pantry-tree:
      size: 10790
      sha256: 8a4fbbb91a5a4ff77ebcc8f65ab5288874127f5f2e86304fad1b4c5d8186af5e
  original:
    hackage: accelerate-1.2.0.1@sha256:bb1928efe602545df4043692916ed427c959110cbd678d03c3f9c3be25d1ae88,20112
- completed:
    hackage: accelerate-llvm-1.2.0.1@sha256:e794b1abfea5424671d84d5d69bb9ccf468af9adaa481f9adaa78c42538a9cda,7206
    pantry-tree:
      size: 5092
      sha256: 0328dda508b97c14ed2731f61796fe5140abb3e5038ed7ac244e3be256dd8d0b
  original:
    hackage: accelerate-llvm-1.2.0.1@sha256:e794b1abfea5424671d84d5d69bb9ccf468af9adaa481f9adaa78c42538a9cda,7206
- completed:
    hackage: accelerate-llvm-native-1.2.0.1@sha256:d98c01bc08c6923270e50c5f032f3f816ceee4daddee98ced6e2f2440889f03f,7282
    pantry-tree:
      size: 3808
      sha256: 3b97b110d7a5b3f2b8774f8064041be98a26340e2b8d715433ec88b0dcda2007
  original:
    hackage: accelerate-llvm-native-1.2.0.1@sha256:d98c01bc08c6923270e50c5f032f3f816ceee4daddee98ced6e2f2440889f03f,7282
- completed:
    hackage: accelerate-llvm-ptx-1.2.0.1@sha256:0ddd8f0f8a379a400dd82ad01c319fa4b13a64146b4e05beed5c486f1f2269f7,7020
    pantry-tree:
      size: 4122
      sha256: d99b9fb448b8d82c7e8406c78a720bc0a3b3840481ae0a8be0480e6275444523
  original:
    hackage: accelerate-llvm-ptx-1.2.0.1@sha256:0ddd8f0f8a379a400dd82ad01c319fa4b13a64146b4e05beed5c486f1f2269f7,7020
snapshots:
- completed:
    size: 524127
    url: https://raw.githubusercontent.com/commercialhaskell/stackage-snapshots/master/lts/14/6.yaml
    sha256: dc70dfb45e2c32f54719819bd055f46855dd4b3bd2e58b9f3f38729a2d553fbb
  original: lts-14.6
